
Microsoft Visual Studio Solution File, Format Version 12.00
# Visual Studio Version 17
VisualStudioVersion = 17.5.33530.505
MinimumVisualStudioVersion = 10.0.40219.1
Project("{FAE04EC0-301F-11D3-BF4B-00C04F79EFBC}") = "TubeData", "TubeData.csproj", "{008D0FA8-3B6D-4E36-9A7C-AFBDE165289A}"
EndProject
Global
	GlobalSection(SolutionConfigurationPlatforms) = preSolution
		Debug|Any CPU = Debug|Any CPU
		Release|Any CPU = Release|Any CPU
	EndGlobalSection
	GlobalSection(ProjectConfigurationPlatforms) = postSolution
		{008D0FA8-3B6D-4E36-9A7C-AFBDE165289A}.Debug|Any CPU.ActiveCfg = Debug|Any CPU
		{008D0FA8-3B6D-4E36-9A7C-AFBDE165289A}.Debug|Any CPU.Build.0 = Debug|Any CPU
		{008D0FA8-3B6D-4E36-9A7C-AFBDE165289A}.Release|Any CPU.ActiveCfg = Release|Any CPU
		{008D0FA8-3B6D-4E36-9A7C-AFBDE165289A}.Release|Any CPU.Build.0 = Release|Any CPU
	EndGlobalSection
	GlobalSection(SolutionProperties) = preSolution
		HideSolutionNode = FALSE
	EndGlobalSection
	GlobalSection(ExtensibilityGlobals) = postSolution
		SolutionGuid = {72F6D460-A51C-4780-AE80-FDEECAB1635D}
	EndGlobalSection
EndGlobal
